
Microsoft Visual Studio Solution File, Format Version 12.00
# Visual Studio Version 17
VisualStudioVersion = 17.7.34031.279
MinimumVisualStudioVersion = 10.0.40219.1
Project("{FAE04EC0-301F-11D3-BF4B-00C04F79EFBC}") = "Button", "Button\Button.csproj", "{11218F8C-5806-47ED-BA94-55411F9ADD32}"
EndProject
Global
	GlobalSection(SolutionConfigurationPlatforms) = preSolution
		Debug|Any CPU = Debug|Any CPU
		Release|Any CPU = Release|Any CPU
	EndGlobalSection
	GlobalSection(ProjectConfigurationPlatforms) = postSolution
		{11218F8C-5806-47ED-BA94-55411F9ADD32}.Debug|Any CPU.ActiveCfg = Debug|Any CPU
		{11218F8C-5806-47ED-BA94-55411F9ADD32}.Debug|Any CPU.Build.0 = Debug|Any CPU
		{11218F8C-5806-47ED-BA94-55411F9ADD32}.Release|Any CPU.ActiveCfg = Release|Any CPU
		{11218F8C-5806-47ED-BA94-55411F9ADD32}.Release|Any CPU.Build.0 = Release|Any CPU
	EndGlobalSection
	GlobalSection(SolutionProperties) = preSolution
		HideSolutionNode = FALSE
	EndGlobalSection
	GlobalSection(ExtensibilityGlobals) = postSolution
		SolutionGuid = {B401CD7A-42EA-4A73-9239-D5BB8E4E5A9D}
	EndGlobalSection
EndGlobal
